
Microsoft Visual Studio Solution File, Format Version 12.00
# Visual Studio Version 16
VisualStudioVersion = 16.0.31112.23
MinimumVisualStudioVersion = 10.0.40219.1
Project("{FAE04EC0-301F-11D3-BF4B-00C04F79EFBC}") = "AMS", "AMS\AMS.csproj", "{BD644B0A-358A-4D48-967D-9F108068B1C3}"
EndProject
Project("{FAE04EC0-301F-11D3-BF4B-00C04F79EFBC}") = "DAL", "DAL\DAL.csproj", "{850CA1AC-954E-4653-BD5F-5C8898186B59}"
EndProject
Project("{FAE04EC0-301F-11D3-BF4B-00C04F79EFBC}") = "BUS", "BUS\BUS.csproj", "{E59AE08D-41D8-4935-A8FA-9EDAB18A262F}"
EndProject
Project("{FAE04EC0-301F-11D3-BF4B-00C04F79EFBC}") = "VOBJ", "VOBJ\VOBJ.csproj", "{B77485F0-CCF1-4F03-94AF-2FF41728943A}"
EndProject
Project("{FAE04EC0-301F-11D3-BF4B-00C04F79EFBC}") = "TestConnection", "TestConnection\TestConnection.csproj", "{5375A37B-B781-413A-BA78-3469A324F1E0}"
EndProject
Global
	GlobalSection(SolutionConfigurationPlatforms) = preSolution
		Debug|Any CPU = Debug|Any CPU
		Release|Any CPU = Release|Any CPU
	EndGlobalSection
	GlobalSection(ProjectConfigurationPlatforms) = postSolution
		{BD644B0A-358A-4D48-967D-9F108068B1C3}.Debug|Any CPU.ActiveCfg = Debug|Any CPU
		{BD644B0A-358A-4D48-967D-9F108068B1C3}.Debug|Any CPU.Build.0 = Debug|Any CPU
		{BD644B0A-358A-4D48-967D-9F108068B1C3}.Release|Any CPU.ActiveCfg = Release|Any CPU
		{BD644B0A-358A-4D48-967D-9F108068B1C3}.Release|Any CPU.Build.0 = Release|Any CPU
		{850CA1AC-954E-4653-BD5F-5C8898186B59}.Debug|Any CPU.ActiveCfg = Debug|Any CPU
		{850CA1AC-954E-4653-BD5F-5C8898186B59}.Debug|Any CPU.Build.0 = Debug|Any CPU
		{850CA1AC-954E-4653-BD5F-5C8898186B59}.Release|Any CPU.ActiveCfg = Release|Any CPU
		{850CA1AC-954E-4653-BD5F-5C8898186B59}.Release|Any CPU.Build.0 = Release|Any CPU
		{E59AE08D-41D8-4935-A8FA-9EDAB18A262F}.Debug|Any CPU.ActiveCfg = Debug|Any CPU
		{E59AE08D-41D8-4935-A8FA-9EDAB18A262F}.Debug|Any CPU.Build.0 = Debug|Any CPU
		{E59AE08D-41D8-4935-A8FA-9EDAB18A262F}.Release|Any CPU.ActiveCfg = Release|Any CPU
		{E59AE08D-41D8-4935-A8FA-9EDAB18A262F}.Release|Any CPU.Build.0 = Release|Any CPU
		{B77485F0-CCF1-4F03-94AF-2FF41728943A}.Debug|Any CPU.ActiveCfg = Debug|Any CPU
		{B77485F0-CCF1-4F03-94AF-2FF41728943A}.Debug|Any CPU.Build.0 = Debug|Any CPU
		{B77485F0-CCF1-4F03-94AF-2FF41728943A}.Release|Any CPU.ActiveCfg = Release|Any CPU
		{B77485F0-CCF1-4F03-94AF-2FF41728943A}.Release|Any CPU.Build.0 = Release|Any CPU
		{5375A37B-B781-413A-BA78-3469A324F1E0}.Debug|Any CPU.ActiveCfg = Debug|Any CPU
		{5375A37B-B781-413A-BA78-3469A324F1E0}.Debug|Any CPU.Build.0 = Debug|Any CPU
		{5375A37B-B781-413A-BA78-3469A324F1E0}.Release|Any CPU.ActiveCfg = Release|Any CPU
		{5375A37B-B781-413A-BA78-3469A324F1E0}.Release|Any CPU.Build.0 = Release|Any CPU
	EndGlobalSection
	GlobalSection(SolutionProperties) = preSolution
		HideSolutionNode = FALSE
	EndGlobalSection
	GlobalSection(ExtensibilityGlobals) = postSolution
		SolutionGuid = {48325A8D-AB90-41C8-91B3-D1255579965F}
	EndGlobalSection
EndGlobal
